Microsoft Visual Studio Solution File, Format Version 11.00
# Visual Studio 2008

Project("{B646A3E4-E8DC-B6CD-CBB0-A02A3617EEE8}") = "newgods", "Assembly-CSharp.csproj", "{6A50E5AC-394F-D587-7FE1-8FE13B1B2592}"
EndProject
Global
	GlobalSection(SolutionConfigurationPlatforms) = preSolution
		Debug|Any CPU = Debug|Any CPU
		Release|Any CPU = Release|Any CPU
	EndGlobalSection
	GlobalSection(ProjectConfigurationPlatforms) = postSolution
		{6A50E5AC-394F-D587-7FE1-8FE13B1B2592}.Debug|Any CPU.ActiveCfg = Debug|Any CPU
		{6A50E5AC-394F-D587-7FE1-8FE13B1B2592}.Debug|Any CPU.Build.0 = Debug|Any CPU
		{6A50E5AC-394F-D587-7FE1-8FE13B1B2592}.Release|Any CPU.ActiveCfg = Release|Any CPU
		{6A50E5AC-394F-D587-7FE1-8FE13B1B2592}.Release|Any CPU.Build.0 = Release|Any CPU
	EndGlobalSection
	GlobalSection(SolutionProperties) = preSolution
		HideSolutionNode = FALSE
	EndGlobalSection
	GlobalSection(MonoDevelopProperties) = preSolution
		StartupItem = Assembly-CSharp.csproj
	EndGlobalSection
EndGlobal
